
Microsoft Visual Studio Solution File, Format Version 12.00
Project("{FAE04EC0-301F-11D3-BF4B-00C04F79EFBC}") = "Syncrer", "Syncrer\Syncrer.csproj", "{38D4ACC2-ABB2-4510-B970-FCB1A70DF427}"
EndProject
Project("{FAE04EC0-301F-11D3-BF4B-00C04F79EFBC}") = "Syncrer.Tests", "Syncrer.Tests\Syncrer.Tests.csproj", "{C4E2376C-79B4-403D-A2FF-4B2B7ADF4560}"
EndProject
Global
	GlobalSection(SolutionConfigurationPlatforms) = preSolution
		Debug|Any CPU = Debug|Any CPU
		Release|Any CPU = Release|Any CPU
	EndGlobalSection
	GlobalSection(ProjectConfigurationPlatforms) = postSolution
		{38D4ACC2-ABB2-4510-B970-FCB1A70DF427}.Debug|Any CPU.ActiveCfg = Debug|Any CPU
		{38D4ACC2-ABB2-4510-B970-FCB1A70DF427}.Debug|Any CPU.Build.0 = Debug|Any CPU
		{38D4ACC2-ABB2-4510-B970-FCB1A70DF427}.Release|Any CPU.ActiveCfg = Release|Any CPU
		{38D4ACC2-ABB2-4510-B970-FCB1A70DF427}.Release|Any CPU.Build.0 = Release|Any CPU
		{C4E2376C-79B4-403D-A2FF-4B2B7ADF4560}.Debug|Any CPU.ActiveCfg = Debug|Any CPU
		{C4E2376C-79B4-403D-A2FF-4B2B7ADF4560}.Debug|Any CPU.Build.0 = Debug|Any CPU
		{C4E2376C-79B4-403D-A2FF-4B2B7ADF4560}.Release|Any CPU.ActiveCfg = Release|Any CPU
		{C4E2376C-79B4-403D-A2FF-4B2B7ADF4560}.Release|Any CPU.Build.0 = Release|Any CPU
	EndGlobalSection
	GlobalSection(SolutionProperties) = preSolution
		HideSolutionNode = FALSE
	EndGlobalSection
EndGlobal
